
Microsoft Visual Studio Solution File, Format Version 12.00
# Visual Studio Version 17
VisualStudioVersion = 17.8.34511.84
MinimumVisualStudioVersion = 10.0.40219.1
Project("{FAE04EC0-301F-11D3-BF4B-00C04F79EFBC}") = "WebAPI", "WebAPI\WebAPI.csproj", "{EBB83B35-B849-4C62-B150-C26C2991974D}"
EndProject
Project("{2150E333-8FDC-42A3-9474-1A3956D46DE8}") = "01Comun", "01Comun", "{2EF665EB-FC06-4B3D-9021-5A358105B4E1}"
EndProject
Project("{2150E333-8FDC-42A3-9474-1A3956D46DE8}") = "02Modelo", "02Modelo", "{7712099E-0B79-45EB-810B-C123B7DF469F}"
EndProject
Project("{2150E333-8FDC-42A3-9474-1A3956D46DE8}") = "03AccesoDatos", "03AccesoDatos", "{AAC3CBD0-A55B-4139-9343-700DDB81F159}"
EndProject
Project("{2150E333-8FDC-42A3-9474-1A3956D46DE8}") = "04ClienteRest", "04ClienteRest", "{1C8E48A0-BFBA-48EF-A0D0-49D8465D7D58}"
EndProject
Project("{2150E333-8FDC-42A3-9474-1A3956D46DE8}") = "05LogicaDeNegocio", "05LogicaDeNegocio", "{7AE64E78-AA11-48C4-9A8B-E77857772816}"
EndProject
Project("{2150E333-8FDC-42A3-9474-1A3956D46DE8}") = "06WebAPI", "06WebAPI", "{C819620C-9B37-4EDF-B4C5-1E1183845509}"
EndProject
Project("{FAE04EC0-301F-11D3-BF4B-00C04F79EFBC}") = "Comun", "Comun\Comun.csproj", "{1B2E5FA7-EB91-4DA6-A84A-9AFEA83ACC06}"
EndProject
Project("{FAE04EC0-301F-11D3-BF4B-00C04F79EFBC}") = "Modelo", "Modelo\Modelo.csproj", "{6A4F2FE3-FA8E-4038-AF9B-1D24100013CA}"
EndProject
Project("{FAE04EC0-301F-11D3-BF4B-00C04F79EFBC}") = "AccesoDatos", "AccesoDatos\AccesoDatos.csproj", "{1A2E0B3B-CE07-4F26-9EDA-720B0A79A416}"
EndProject
Project("{FAE04EC0-301F-11D3-BF4B-00C04F79EFBC}") = "Rest", "Rest\Rest.csproj", "{7E108299-7627-48EF-9E26-29F6F8FD9726}"
EndProject
Project("{FAE04EC0-301F-11D3-BF4B-00C04F79EFBC}") = "Logica", "Logica\Logica.csproj", "{3D821107-91DD-40F9-884B-FC459FE8789B}"
EndProject
Global
	GlobalSection(SolutionConfigurationPlatforms) = preSolution
		Debug|Any CPU = Debug|Any CPU
		Release|Any CPU = Release|Any CPU
	EndGlobalSection
	GlobalSection(ProjectConfigurationPlatforms) = postSolution
		{EBB83B35-B849-4C62-B150-C26C2991974D}.Debug|Any CPU.ActiveCfg = Debug|Any CPU
		{EBB83B35-B849-4C62-B150-C26C2991974D}.Debug|Any CPU.Build.0 = Debug|Any CPU
		{EBB83B35-B849-4C62-B150-C26C2991974D}.Release|Any CPU.ActiveCfg = Release|Any CPU
		{EBB83B35-B849-4C62-B150-C26C2991974D}.Release|Any CPU.Build.0 = Release|Any CPU
		{1B2E5FA7-EB91-4DA6-A84A-9AFEA83ACC06}.Debug|Any CPU.ActiveCfg = Debug|Any CPU
		{1B2E5FA7-EB91-4DA6-A84A-9AFEA83ACC06}.Debug|Any CPU.Build.0 = Debug|Any CPU
		{1B2E5FA7-EB91-4DA6-A84A-9AFEA83ACC06}.Release|Any CPU.ActiveCfg = Release|Any CPU
		{1B2E5FA7-EB91-4DA6-A84A-9AFEA83ACC06}.Release|Any CPU.Build.0 = Release|Any CPU
		{6A4F2FE3-FA8E-4038-AF9B-1D24100013CA}.Debug|Any CPU.ActiveCfg = Debug|Any CPU
		{6A4F2FE3-FA8E-4038-AF9B-1D24100013CA}.Debug|Any CPU.Build.0 = Debug|Any CPU
		{6A4F2FE3-FA8E-4038-AF9B-1D24100013CA}.Release|Any CPU.ActiveCfg = Release|Any CPU
		{6A4F2FE3-FA8E-4038-AF9B-1D24100013CA}.Release|Any CPU.Build.0 = Release|Any CPU
		{1A2E0B3B-CE07-4F26-9EDA-720B0A79A416}.Debug|Any CPU.ActiveCfg = Debug|Any CPU
		{1A2E0B3B-CE07-4F26-9EDA-720B0A79A416}.Debug|Any CPU.Build.0 = Debug|Any CPU
		{1A2E0B3B-CE07-4F26-9EDA-720B0A79A416}.Release|Any CPU.ActiveCfg = Release|Any CPU
		{1A2E0B3B-CE07-4F26-9EDA-720B0A79A416}.Release|Any CPU.Build.0 = Release|Any CPU
		{7E108299-7627-48EF-9E26-29F6F8FD9726}.Debug|Any CPU.ActiveCfg = Debug|Any CPU
		{7E108299-7627-48EF-9E26-29F6F8FD9726}.Debug|Any CPU.Build.0 = Debug|Any CPU
		{7E108299-7627-48EF-9E26-29F6F8FD9726}.Release|Any CPU.ActiveCfg = Release|Any CPU
		{7E108299-7627-48EF-9E26-29F6F8FD9726}.Release|Any CPU.Build.0 = Release|Any CPU
		{3D821107-91DD-40F9-884B-FC459FE8789B}.Debug|Any CPU.ActiveCfg = Debug|Any CPU
		{3D821107-91DD-40F9-884B-FC459FE8789B}.Debug|Any CPU.Build.0 = Debug|Any CPU
		{3D821107-91DD-40F9-884B-FC459FE8789B}.Release|Any CPU.ActiveCfg = Release|Any CPU
		{3D821107-91DD-40F9-884B-FC459FE8789B}.Release|Any CPU.Build.0 = Release|Any CPU
	EndGlobalSection
	GlobalSection(SolutionProperties) = preSolution
		HideSolutionNode = FALSE
	EndGlobalSection
	GlobalSection(NestedProjects) = preSolution
		{EBB83B35-B849-4C62-B150-C26C2991974D} = {C819620C-9B37-4EDF-B4C5-1E1183845509}
		{1B2E5FA7-EB91-4DA6-A84A-9AFEA83ACC06} = {2EF665EB-FC06-4B3D-9021-5A358105B4E1}
		{6A4F2FE3-FA8E-4038-AF9B-1D24100013CA} = {7712099E-0B79-45EB-810B-C123B7DF469F}
		{1A2E0B3B-CE07-4F26-9EDA-720B0A79A416} = {AAC3CBD0-A55B-4139-9343-700DDB81F159}
		{7E108299-7627-48EF-9E26-29F6F8FD9726} = {1C8E48A0-BFBA-48EF-A0D0-49D8465D7D58}
		{3D821107-91DD-40F9-884B-FC459FE8789B} = {7AE64E78-AA11-48C4-9A8B-E77857772816}
	EndGlobalSection
	GlobalSection(ExtensibilityGlobals) = postSolution
		SolutionGuid = {719073F8-F846-4B2F-B51B-5FBE3941E649}
	EndGlobalSection
EndGlobal
